
Microsoft Visual Studio Solution File, Format Version 12.00
# Visual Studio Version 17
VisualStudioVersion = 17.3.32901.215
MinimumVisualStudioVersion = 10.0.40219.1
Project("{FAE04EC0-301F-11D3-BF4B-00C04F79EFBC}") = "WinBooster", "WinBooster\WinBooster.csproj", "{474B231C-374A-42D2-9AD3-3372562A65E5}"
EndProject
Project("{FAE04EC0-301F-11D3-BF4B-00C04F79EFBC}") = "WinBoosterCloud", "WinBoosterCloud\WinBoosterCloud.csproj", "{A2152743-EF5D-4D16-8153-6B74F3E13386}"
EndProject
Project("{FAE04EC0-301F-11D3-BF4B-00C04F79EFBC}") = "WinBoosterNative", "WinBoosterNative\WinBoosterNative.csproj", "{686C07B1-98F7-4EFF-8BE5-E8C5E0A5F614}"
EndProject
Project("{FAE04EC0-301F-11D3-BF4B-00C04F79EFBC}") = "WinBoosterDataBase", "WinBoosterDataBase\WinBoosterDataBase.csproj", "{B31EAFCB-D902-4228-BFB8-86BE20A1CC87}"
EndProject
Project("{FAE04EC0-301F-11D3-BF4B-00C04F79EFBC}") = "WinBoosterCharpScripts", "WinBoosterCharpScripts\WinBoosterCharpScripts.csproj", "{D7AA91F9-89D0-42A1-B6AE-01D71A8E88CD}"
EndProject
Project("{FAE04EC0-301F-11D3-BF4B-00C04F79EFBC}") = "DeveloperTools", "DeveloperTools\DeveloperTools.csproj", "{4C2EE199-CE2C-49EC-AAEC-C7DF7E127765}"
EndProject
Project("{FAE04EC0-301F-11D3-BF4B-00C04F79EFBC}") = "WinBoosterQIWI", "WinBoosterQIWI\WinBoosterQIWI.csproj", "{D7B04FD9-3BAB-4EAD-8E9D-FAB8B4FC806D}"
EndProject
Project("{FAE04EC0-301F-11D3-BF4B-00C04F79EFBC}") = "MD5File", "MD5File\MD5File.csproj", "{89BBD35D-F11D-4D6E-887C-BCCB29E3F7F3}"
EndProject
Global
	GlobalSection(SolutionConfigurationPlatforms) = preSolution
		Debug|Any CPU = Debug|Any CPU
		Release|Any CPU = Release|Any CPU
	EndGlobalSection
	GlobalSection(ProjectConfigurationPlatforms) = postSolution
		{474B231C-374A-42D2-9AD3-3372562A65E5}.Debug|Any CPU.ActiveCfg = Debug|Any CPU
		{474B231C-374A-42D2-9AD3-3372562A65E5}.Debug|Any CPU.Build.0 = Debug|Any CPU
		{474B231C-374A-42D2-9AD3-3372562A65E5}.Release|Any CPU.ActiveCfg = Release|Any CPU
		{474B231C-374A-42D2-9AD3-3372562A65E5}.Release|Any CPU.Build.0 = Release|Any CPU
		{A2152743-EF5D-4D16-8153-6B74F3E13386}.Debug|Any CPU.ActiveCfg = Debug|Any CPU
		{A2152743-EF5D-4D16-8153-6B74F3E13386}.Debug|Any CPU.Build.0 = Debug|Any CPU
		{A2152743-EF5D-4D16-8153-6B74F3E13386}.Release|Any CPU.ActiveCfg = Release|Any CPU
		{A2152743-EF5D-4D16-8153-6B74F3E13386}.Release|Any CPU.Build.0 = Release|Any CPU
		{686C07B1-98F7-4EFF-8BE5-E8C5E0A5F614}.Debug|Any CPU.ActiveCfg = Debug|Any CPU
		{686C07B1-98F7-4EFF-8BE5-E8C5E0A5F614}.Debug|Any CPU.Build.0 = Debug|Any CPU
		{686C07B1-98F7-4EFF-8BE5-E8C5E0A5F614}.Release|Any CPU.ActiveCfg = Release|Any CPU
		{686C07B1-98F7-4EFF-8BE5-E8C5E0A5F614}.Release|Any CPU.Build.0 = Release|Any CPU
		{B31EAFCB-D902-4228-BFB8-86BE20A1CC87}.Debug|Any CPU.ActiveCfg = Debug|Any CPU
		{B31EAFCB-D902-4228-BFB8-86BE20A1CC87}.Debug|Any CPU.Build.0 = Debug|Any CPU
		{B31EAFCB-D902-4228-BFB8-86BE20A1CC87}.Release|Any CPU.ActiveCfg = Release|Any CPU
		{B31EAFCB-D902-4228-BFB8-86BE20A1CC87}.Release|Any CPU.Build.0 = Release|Any CPU
		{D7AA91F9-89D0-42A1-B6AE-01D71A8E88CD}.Debug|Any CPU.ActiveCfg = Debug|Any CPU
		{D7AA91F9-89D0-42A1-B6AE-01D71A8E88CD}.Debug|Any CPU.Build.0 = Debug|Any CPU
		{D7AA91F9-89D0-42A1-B6AE-01D71A8E88CD}.Release|Any CPU.ActiveCfg = Release|Any CPU
		{D7AA91F9-89D0-42A1-B6AE-01D71A8E88CD}.Release|Any CPU.Build.0 = Release|Any CPU
		{4C2EE199-CE2C-49EC-AAEC-C7DF7E127765}.Debug|Any CPU.ActiveCfg = Debug|Any CPU
		{4C2EE199-CE2C-49EC-AAEC-C7DF7E127765}.Debug|Any CPU.Build.0 = Debug|Any CPU
		{4C2EE199-CE2C-49EC-AAEC-C7DF7E127765}.Release|Any CPU.ActiveCfg = Release|Any CPU
		{4C2EE199-CE2C-49EC-AAEC-C7DF7E127765}.Release|Any CPU.Build.0 = Release|Any CPU
		{D7B04FD9-3BAB-4EAD-8E9D-FAB8B4FC806D}.Debug|Any CPU.ActiveCfg = Debug|Any CPU
		{D7B04FD9-3BAB-4EAD-8E9D-FAB8B4FC806D}.Debug|Any CPU.Build.0 = Debug|Any CPU
		{D7B04FD9-3BAB-4EAD-8E9D-FAB8B4FC806D}.Release|Any CPU.ActiveCfg = Release|Any CPU
		{D7B04FD9-3BAB-4EAD-8E9D-FAB8B4FC806D}.Release|Any CPU.Build.0 = Release|Any CPU
		{89BBD35D-F11D-4D6E-887C-BCCB29E3F7F3}.Debug|Any CPU.ActiveCfg = Debug|Any CPU
		{89BBD35D-F11D-4D6E-887C-BCCB29E3F7F3}.Debug|Any CPU.Build.0 = Debug|Any CPU
		{89BBD35D-F11D-4D6E-887C-BCCB29E3F7F3}.Release|Any CPU.ActiveCfg = Release|Any CPU
		{89BBD35D-F11D-4D6E-887C-BCCB29E3F7F3}.Release|Any CPU.Build.0 = Release|Any CPU
	EndGlobalSection
	GlobalSection(SolutionProperties) = preSolution
		HideSolutionNode = FALSE
	EndGlobalSection
	GlobalSection(ExtensibilityGlobals) = postSolution
		SolutionGuid = {222BFA60-2F92-41BA-9302-7BC466212014}
	EndGlobalSection
EndGlobal
